
Microsoft Visual Studio Solution File, Format Version 12.00
# Visual Studio Version 16
VisualStudioVersion = 16.0.33801.447
MinimumVisualStudioVersion = 10.0.40219.1
Project("{FAE04EC0-301F-11D3-BF4B-00C04F79EFBC}") = "JuliaFlorea", "JuliaFlorea\JuliaFlorea.csproj", "{250AB17F-0AD0-478E-B65F-DB64D6275601}"
	ProjectSection(ProjectDependencies) = postProject
		{8A2F95ED-43E3-4C58-806B-04FDA416C977} = {8A2F95ED-43E3-4C58-806B-04FDA416C977}
	EndProjectSection
EndProject
Project("{FAE04EC0-301F-11D3-BF4B-00C04F79EFBC}") = "JuliaFlorea.DataModel", "JuliaFlorea.DataModel\JuliaFlorea.DataModel.csproj", "{9466BAF3-2FBE-4810-9FE2-5ABE75027955}"
EndProject
Project("{FAE04EC0-301F-11D3-BF4B-00C04F79EFBC}") = "JuliaFlorea.Domain", "JuliaFlorea.Domain\JuliaFlorea.Domain.csproj", "{8A2F95ED-43E3-4C58-806B-04FDA416C977}"
EndProject
Project("{FAE04EC0-301F-11D3-BF4B-00C04F79EFBC}") = "JuliaFlorea.Web", "JuliaFlorea.Web\JuliaFlorea.Web.csproj", "{35340DC1-1CDD-44A4-BF95-1C044C2D7CF2}"
EndProject
Global
	GlobalSection(SolutionConfigurationPlatforms) = preSolution
		Debug|Any CPU = Debug|Any CPU
		Release|Any CPU = Release|Any CPU
	EndGlobalSection
	GlobalSection(ProjectConfigurationPlatforms) = postSolution
		{250AB17F-0AD0-478E-B65F-DB64D6275601}.Debug|Any CPU.ActiveCfg = Debug|Any CPU
		{250AB17F-0AD0-478E-B65F-DB64D6275601}.Debug|Any CPU.Build.0 = Debug|Any CPU
		{250AB17F-0AD0-478E-B65F-DB64D6275601}.Release|Any CPU.ActiveCfg = Release|Any CPU
		{250AB17F-0AD0-478E-B65F-DB64D6275601}.Release|Any CPU.Build.0 = Release|Any CPU
		{9466BAF3-2FBE-4810-9FE2-5ABE75027955}.Debug|Any CPU.ActiveCfg = Debug|Any CPU
		{9466BAF3-2FBE-4810-9FE2-5ABE75027955}.Debug|Any CPU.Build.0 = Debug|Any CPU
		{9466BAF3-2FBE-4810-9FE2-5ABE75027955}.Release|Any CPU.ActiveCfg = Release|Any CPU
		{9466BAF3-2FBE-4810-9FE2-5ABE75027955}.Release|Any CPU.Build.0 = Release|Any CPU
		{8A2F95ED-43E3-4C58-806B-04FDA416C977}.Debug|Any CPU.ActiveCfg = Debug|Any CPU
		{8A2F95ED-43E3-4C58-806B-04FDA416C977}.Debug|Any CPU.Build.0 = Debug|Any CPU
		{8A2F95ED-43E3-4C58-806B-04FDA416C977}.Release|Any CPU.ActiveCfg = Release|Any CPU
		{8A2F95ED-43E3-4C58-806B-04FDA416C977}.Release|Any CPU.Build.0 = Release|Any CPU
		{35340DC1-1CDD-44A4-BF95-1C044C2D7CF2}.Debug|Any CPU.ActiveCfg = Debug|Any CPU
		{35340DC1-1CDD-44A4-BF95-1C044C2D7CF2}.Debug|Any CPU.Build.0 = Debug|Any CPU
		{35340DC1-1CDD-44A4-BF95-1C044C2D7CF2}.Release|Any CPU.ActiveCfg = Release|Any CPU
		{35340DC1-1CDD-44A4-BF95-1C044C2D7CF2}.Release|Any CPU.Build.0 = Release|Any CPU
	EndGlobalSection
	GlobalSection(SolutionProperties) = preSolution
		HideSolutionNode = FALSE
	EndGlobalSection
	GlobalSection(ExtensibilityGlobals) = postSolution
		SolutionGuid = {3D049B1B-FD41-4557-A405-6E140A1EAB43}
	EndGlobalSection
EndGlobal
